{
	"name": "fix-usdp-broken-images",
	"lockfileVersion": 3,
	"requires": true,
	"packages": {
		"": {
			"dependencies": {
				"json2xls": "^0.1.2",
				"node-fetch": "^3.3.2"
			}
		},
		"node_modules/data-uri-to-buffer": {
			"version": "4.0.1",
			"resolved": "https://registry.npmjs.org/data-uri-to-buffer/-/data-uri-to-buffer-4.0.1.tgz",
			"integrity": "sha512-0R9ikRb668HB7QDxT1vkpuUBtqc53YyAwMwGeUFKRojY/NWKvdZ+9UYtRfGmhqNbRkTSVpMbmyhXipFFv2cb/A==",
			"engines": {
				"node": ">= 12"
			}
		},
		"node_modules/excel-export": {
			"version": "0.3.11",
			"resolved": "https://registry.npmjs.org/excel-export/-/excel-export-0.3.11.tgz",
			"integrity": "sha512-yeAj651KpOFsTej/WolfJyjJNyKn4b4SM8aLKohteBn7fJqXPmW+x+t80O2g+AJD2WZlpTc93Lw0gk5KIBPBJw==",
			"dependencies": {
				"node-zip": "1.x"
			}
		},
		"node_modules/fetch-blob": {
			"version": "3.2.0",
			"resolved": "https://registry.npmjs.org/fetch-blob/-/fetch-blob-3.2.0.tgz",
			"integrity": "sha512-7yAQpD2UMJzLi1Dqv7qFYnPbaPx7ZfFK6PiIxQ4PfkGPyNyl2Ugx+a/umUonmKqjhM4DnfbMvdX6otXq83soQQ==",
			"funding": [
				{
					"type": "github",
					"url": "https://github.com/sponsors/jimmywarting"
				},
				{
					"type": "paypal",
					"url": "https://paypal.me/jimmywarting"
				}
			],
			"dependencies": {
				"node-domexception": "^1.0.0",
				"web-streams-polyfill": "^3.0.3"
			},
			"engines": {
				"node": "^12.20 || >= 14.13"
			}
		},
		"node_modules/formdata-polyfill": {
			"version": "4.0.10",
			"resolved": "https://registry.npmjs.org/formdata-polyfill/-/formdata-polyfill-4.0.10.tgz",
			"integrity": "sha512-buewHzMvYL29jdeQTVILecSaZKnt/RJWjoZCF5OW60Z67/GmSLBkOFM7qh1PI3zFNtJbaZL5eQu1vLfazOwj4g==",
			"dependencies": {
				"fetch-blob": "^3.1.2"
			},
			"engines": {
				"node": ">=12.20.0"
			}
		},
		"node_modules/json2xls": {
			"version": "0.1.2",
			"resolved": "https://registry.npmjs.org/json2xls/-/json2xls-0.1.2.tgz",
			"integrity": "sha512-cnYzE6hzdYoiMAiCKnX6SJooyQ3cq+KKhEWv5d7CQNiX3TRIeEZsvvbeuIiB78Be5qDok7SBGuTv3IU524DTFQ==",
			"dependencies": {
				"excel-export": "~0.3.11"
			}
		},
		"node_modules/jszip": {
			"version": "2.5.0",
			"resolved": "https://registry.npmjs.org/jszip/-/jszip-2.5.0.tgz",
			"integrity": "sha512-IRoyf8JSYY3nx+uyh5xPc0qdy8pUDTp2UkHOWYNF/IO/3D8nx7899UlSAjD8rf8wUgOmm0lACWx/GbW3EaxIXQ==",
			"dependencies": {
				"pako": "~0.2.5"
			}
		},
		"node_modules/node-domexception": {
			"version": "1.0.0",
			"resolved": "https://registry.npmjs.org/node-domexception/-/node-domexception-1.0.0.tgz",
			"integrity": "sha512-/jKZoMpw0F8GRwl4/eLROPA3cfcXtLApP0QzLmUT/HuPCZWyB7IY9ZrMeKw2O/nFIqPQB3PVM9aYm0F312AXDQ==",
			"funding": [
				{
					"type": "github",
					"url": "https://github.com/sponsors/jimmywarting"
				},
				{
					"type": "github",
					"url": "https://paypal.me/jimmywarting"
				}
			],
			"engines": {
				"node": ">=10.5.0"
			}
		},
		"node_modules/node-fetch": {
			"version": "3.3.2",
			"resolved": "https://registry.npmjs.org/node-fetch/-/node-fetch-3.3.2.tgz",
			"integrity": "sha512-dRB78srN/l6gqWulah9SrxeYnxeddIG30+GOqK/9OlLVyLg3HPnr6SqOWTWOXKRwC2eGYCkZ59NNuSgvSrpgOA==",
			"dependencies": {
				"data-uri-to-buffer": "^4.0.0",
				"fetch-blob": "^3.1.4",
				"formdata-polyfill": "^4.0.10"
			},
			"engines": {
				"node": "^12.20.0 || ^14.13.1 || >=16.0.0"
			},
			"funding": {
				"type": "opencollective",
				"url": "https://opencollective.com/node-fetch"
			}
		},
		"node_modules/node-zip": {
			"version": "1.1.1",
			"resolved": "https://registry.npmjs.org/node-zip/-/node-zip-1.1.1.tgz",
			"integrity": "sha512-sXfGL65EcaAJqNSXxuyf//i4D4geUtJgZDYUd7IBo2/CH8XY8vcWh1+CBCxuVVyR+S4vAFc3hr//JkCi2+V5vg==",
			"dependencies": {
				"jszip": "2.5.0"
			},
			"bin": {
				"nodezip": "bin/nodezip"
			},
			"engines": {
				"node": "*"
			}
		},
		"node_modules/pako": {
			"version": "0.2.9",
			"resolved": "https://registry.npmjs.org/pako/-/pako-0.2.9.tgz",
			"integrity": "sha512-NUcwaKxUxWrZLpDG+z/xZaCgQITkA/Dv4V/T6bw7VON6l1Xz/VnrBqrYjZQ12TamKHzITTfOEIYUj48y2KXImA=="
		},
		"node_modules/web-streams-polyfill": {
			"version": "3.3.3",
			"resolved": "https://registry.npmjs.org/web-streams-polyfill/-/web-streams-polyfill-3.3.3.tgz",
			"integrity": "sha512-d2JWLCivmZYTSIoge9MsgFCZrt571BikcWGYkjC1khllbTeDlGqZ2D8vD8E/lJa8WGWbb7Plm8/XJYV7IJHZZw==",
			"engines": {
				"node": ">= 8"
			}
		}
	}
}
